
Microsoft Visual Studio Solution File, Format Version 12.00
# Visual Studio Version 16
VisualStudioVersion = 16.0.28922.388
MinimumVisualStudioVersion = 10.0.40219.1
Project("{8BC9CEB8-8B4A-11D0-8D11-00A0C91BC942}") = "AISPK2.1", "AISPK2.1.vcxproj", "{0B9D2BD5-938C-4BE4-9D3A-743AEEB81774}"
EndProject
Global
	GlobalSection(SolutionConfigurationPlatforms) = preSolution
		Debug|x64 = Debug|x64
		Debug|x86 = Debug|x86
		Release|x64 = Release|x64
		Release|x86 = Release|x86
	EndGlobalSection
	GlobalSection(ProjectConfigurationPlatforms) = postSolution
		{0B9D2BD5-938C-4BE4-9D3A-743AEEB81774}.Debug|x64.ActiveCfg = Debug|x64
		{0B9D2BD5-938C-4BE4-9D3A-743AEEB81774}.Debug|x64.Build.0 = Debug|x64
		{0B9D2BD5-938C-4BE4-9D3A-743AEEB81774}.Debug|x86.ActiveCfg = Debug|Win32
		{0B9D2BD5-938C-4BE4-9D3A-743AEEB81774}.Debug|x86.Build.0 = Debug|Win32
		{0B9D2BD5-938C-4BE4-9D3A-743AEEB81774}.Release|x64.ActiveCfg = Release|x64
		{0B9D2BD5-938C-4BE4-9D3A-743AEEB81774}.Release|x64.Build.0 = Release|x64
		{0B9D2BD5-938C-4BE4-9D3A-743AEEB81774}.Release|x86.ActiveCfg = Release|Win32
		{0B9D2BD5-938C-4BE4-9D3A-743AEEB81774}.Release|x86.Build.0 = Release|Win32
	EndGlobalSection
	GlobalSection(SolutionProperties) = preSolution
		HideSolutionNode = FALSE
	EndGlobalSection
	GlobalSection(ExtensibilityGlobals) = postSolution
		SolutionGuid = {F1F16F20-3385-4E7A-8197-AF5B8028CCE7}
	EndGlobalSection
EndGlobal
